PODS:
  - Flutter (1.0.0)
  - flutter_android_navigation_mode (0.0.5):
    - Flutter
  - integration_test (0.0.1):
    - Flutter

DEPENDENCIES:
  - Flutter (from `Flutter`)
  - flutter_android_navigation_mode (from `.symlinks/plugins/flutter_android_navigation_mode/ios`)
  - integration_test (from `.symlinks/plugins/integration_test/ios`)

EXTERNAL SOURCES:
  Flutter:
    :path: Flutter
  flutter_android_navigation_mode:
    :path: ".symlinks/plugins/flutter_android_navigation_mode/ios"
  integration_test:
    :path: ".symlinks/plugins/integration_test/ios"

SPEC CHECKSUMS:
  Flutter: cabc95a1d2626b1b06e7179b784ebcf0c0cde467
  flutter_android_navigation_mode: 83c8488999ce090f72fe7a72bd05a4134dc59e51
  integration_test: 4a889634ef21a45d28d50d622cf412dc6d9f586e

PODFILE CHECKSUM: 3c63482e143d1b91d2d2560aee9fb04ecc74ac7e

COCOAPODS: 1.16.2
